// !$*UTF8*$!
{
	archiveVersion = 1;
	classes = {
	};
	objectVersion = 54;
	objects = {

/* Begin PBXBuildFile section */
		43627D2A2F64D456002D75D6 /* GateNavigationController.swift in Sources */ = {isa = PBXBuildFile; fileRef = 43627D282F64D456002D75D6 /* GateNavigationController.swift */; };
		43627D332F64D56D002D75D6 /* NonGateViewController.swift in Sources */ = {isa = PBXBuildFile; fileRef = 43627D322F64D56D002D75D6 /* NonGateViewController.swift */; };
		43627D352F64D57A002D75D6 /* GateViewController.swift in Sources */ = {isa = PBXBuildFile; fileRef = 43627D342F64D57A002D75D6 /* GateViewController.swift */; };
		43EF7A932F6974F90094E1F3 /* GateNavigationControllerTests.swift in Sources */ = {isa = PBXBuildFile; fileRef = 43EF7A912F6974F90094E1F3 /* GateNavigationControllerTests.swift */; };
		43EF7A952F6975130094E1F3 /* StubNavigationDelegate.swift in Sources */ = {isa = PBXBuildFile; fileRef = 43EF7A942F6975130094E1F3 /* StubNavigationDelegate.swift */; };
		43EF7A972F6976960094E1F3 /* StubGateRootViewController.swift in Sources */ = {isa = PBXBuildFile; fileRef = 43EF7A962F6976960094E1F3 /* StubGateRootViewController.swift */; };
		91A9FAFD1E0C2E9F0030E082 /* AppDelegate.swift in Sources */ = {isa = PBXBuildFile; fileRef = 91A9FAF21E0C2E9F0030E082 /* AppDelegate.swift */; };
		91A9FAFF1E0C2E9F0030E082 /* Assets.xcassets in Resources */ = {isa = PBXBuildFile; fileRef = 91A9FAF51E0C2E9F0030E082 /* Assets.xcassets */; };
		91A9FB001E0C2E9F0030E082 /* LaunchScreen.storyboard in Resources */ = {isa = PBXBuildFile; fileRef = 91A9FAF71E0C2E9F0030E082 /* LaunchScreen.storyboard */; };
		91A9FB011E0C2E9F0030E082 /* Main.storyboard in Resources */ = {isa = PBXBuildFile; fileRef = 91A9FAF91E0C2E9F0030E082 /* Main.storyboard */; };
/* End PBXBuildFile section */

/* Begin PBXContainerItemProxy section */
		91A9FAE31E0C2E230030E082 /* PBXContainerItemProxy */ = {
			isa = PBXContainerItemProxy;
			containerPortal = 91A9FAC61E0C2E230030E082 /* Project object */;
			proxyType = 1;
			remoteGlobalIDString = 91A9FACD1E0C2E230030E082;
			remoteInfo = "AvoidingModal-Example";
		};
/* End PBXContainerItemProxy section */

/* Begin PBXFileReference section */
		43627D282F64D456002D75D6 /* GateNavigationController.swift */ = {isa = PBXFileReference; lastKnownFileType = sourcecode.swift; path = GateNavigationController.swift; sourceTree = "<group>"; };
		43627D322F64D56D002D75D6 /* NonGateViewController.swift */ = {isa = PBXFileReference; lastKnownFileType = sourcecode.swift; path = NonGateViewController.swift; sourceTree = "<group>"; };
		43627D342F64D57A002D75D6 /* GateViewController.swift */ = {isa = PBXFileReference; lastKnownFileType = sourcecode.swift; path = GateViewController.swift; sourceTree = "<group>"; };
		43EF7A912F6974F90094E1F3 /* GateNavigationControllerTests.swift */ = {isa = PBXFileReference; lastKnownFileType = sourcecode.swift; path = GateNavigationControllerTests.swift; sourceTree = "<group>"; };
		43EF7A942F6975130094E1F3 /* StubNavigationDelegate.swift */ = {isa = PBXFileReference; lastKnownFileType = sourcecode.swift; path = StubNavigationDelegate.swift; sourceTree = "<group>"; };
		43EF7A962F6976960094E1F3 /* StubGateRootViewController.swift */ = {isa = PBXFileReference; lastKnownFileType = sourcecode.swift; path = StubGateRootViewController.swift; sourceTree = "<group>"; };
		91A9FACE1E0C2E230030E082 /* AvoidingModal-Example.app */ = {isa = PBXFileReference; explicitFileType = wrapper.application; includeInIndex = 0; path = "AvoidingModal-Example.app"; sourceTree = BUILT_PRODUCTS_DIR; };
		91A9FAE21E0C2E230030E082 /* AvoidingModal-ExampleTests.xctest */ = {isa = PBXFileReference; explicitFileType = wrapper.cfbundle; includeInIndex = 0; path = "AvoidingModal-ExampleTests.xctest"; sourceTree = BUILT_PRODUCTS_DIR; };
		91A9FAE81E0C2E230030E082 /* Info.plist */ = {isa = PBXFileReference; lastKnownFileType = text.plist.xml; path = Info.plist; sourceTree = "<group>"; };
		91A9FAF21E0C2E9F0030E082 /* AppDelegate.swift */ = {isa = PBXFileReference; fileEncoding = 4; lastKnownFileType = sourcecode.swift; path = AppDelegate.swift; sourceTree = "<group>"; };
		91A9FAF31E0C2E9F0030E082 /* Info.plist */ = {isa = PBXFileReference; fileEncoding = 4; lastKnownFileType = text.plist.xml; path = Info.plist; sourceTree = "<group>"; };
		91A9FAF51E0C2E9F0030E082 /* Assets.xcassets */ = {isa = PBXFileReference; lastKnownFileType = folder.assetcatalog; path = Assets.xcassets; sourceTree = "<group>"; };
		91A9FAF81E0C2E9F0030E082 /* Base */ = {isa = PBXFileReference; lastKnownFileType = file.storyboard; name = Base; path = Base.lproj/LaunchScreen.storyboard; sourceTree = "<group>"; };
		91A9FAFA1E0C2E9F0030E082 /* Base */ = {isa = PBXFileReference; lastKnownFileType = file.storyboard; name = Base; path = Base.lproj/Main.storyboard; sourceTree = "<group>"; };
/* End PBXFileReference section */

/* Begin PBXFrameworksBuildPhase section */
		91A9FACB1E0C2E230030E082 /* Frameworks */ = {
			isa = PBXFrameworksBuildPhase;
			buildActionMask = 2147483647;
			files = (
			);
			runOnlyForDeploymentPostprocessing = 0;
		};
		91A9FADF1E0C2E230030E082 /* Frameworks */ = {
			isa = PBXFrameworksBuildPhase;
			buildActionMask = 2147483647;
			files = (
			);
			runOnlyForDeploymentPostprocessing = 0;
		};
/* End PBXFrameworksBuildPhase section */

/* Begin PBXGroup section */
		43627D292F64D456002D75D6 /* Gate */ = {
			isa = PBXGroup;
			children = (
				43627D282F64D456002D75D6 /* GateNavigationController.swift */,
			);
			path = Gate;
			sourceTree = "<group>";
		};
		43627D312F64D549002D75D6 /* ViewControllers */ = {
			isa = PBXGroup;
			children = (
				43627D322F64D56D002D75D6 /* NonGateViewController.swift */,
				43627D342F64D57A002D75D6 /* GateViewController.swift */,
			);
			path = ViewControllers;
			sourceTree = "<group>";
		};
		43EF7A902F6974F90094E1F3 /* Doubles */ = {
			isa = PBXGroup;
			children = (
				43EF7A942F6975130094E1F3 /* StubNavigationDelegate.swift */,
				43EF7A962F6976960094E1F3 /* StubGateRootViewController.swift */,
			);
			path = Doubles;
			sourceTree = "<group>";
		};
		43EF7A922F6974F90094E1F3 /* Tests */ = {
			isa = PBXGroup;
			children = (
				43EF7A912F6974F90094E1F3 /* GateNavigationControllerTests.swift */,
			);
			path = Tests;
			sourceTree = "<group>";
		};
		91A9FAC51E0C2E230030E082 = {
			isa = PBXGroup;
			children = (
				91A9FAD01E0C2E230030E082 /* AvoidingModal-Example */,
				91A9FAE51E0C2E230030E082 /* AvoidingModal-ExampleTests */,
				91A9FACF1E0C2E230030E082 /* Products */,
			);
			sourceTree = "<group>";
		};
		91A9FACF1E0C2E230030E082 /* Products */ = {
			isa = PBXGroup;
			children = (
				91A9FACE1E0C2E230030E082 /* AvoidingModal-Example.app */,
				91A9FAE21E0C2E230030E082 /* AvoidingModal-ExampleTests.xctest */,
			);
			name = Products;
			sourceTree = "<group>";
		};
		91A9FAD01E0C2E230030E082 /* AvoidingModal-Example */ = {
			isa = PBXGroup;
			children = (
				43627D312F64D549002D75D6 /* ViewControllers */,
				43627D292F64D456002D75D6 /* Gate */,
				91A9FAF11E0C2E9F0030E082 /* Application */,
				91A9FAF41E0C2E9F0030E082 /* Resources */,
				91A9FAF61E0C2E9F0030E082 /* Storyboards */,
			);
			path = "AvoidingModal-Example";
			sourceTree = "<group>";
		};
		91A9FAE51E0C2E230030E082 /* AvoidingModal-ExampleTests */ = {
			isa = PBXGroup;
			children = (
				43EF7A902F6974F90094E1F3 /* Doubles */,
				43EF7A922F6974F90094E1F3 /* Tests */,
				91A9FAE81E0C2E230030E082 /* Info.plist */,
			);
			path = "AvoidingModal-ExampleTests";
			sourceTree = "<group>";
		};
		91A9FAF11E0C2E9F0030E082 /* Application */ = {
			isa = PBXGroup;
			children = (
				91A9FAF21E0C2E9F0030E082 /* AppDelegate.swift */,
				91A9FAF31E0C2E9F0030E082 /* Info.plist */,
			);
			path = Application;
			sourceTree = "<group>";
		};
		91A9FAF41E0C2E9F0030E082 /* Resources */ = {
			isa = PBXGroup;
			children = (
				91A9FAF51E0C2E9F0030E082 /* Assets.xcassets */,
			);
			path = Resources;
			sourceTree = "<group>";
		};
		91A9FAF61E0C2E9F0030E082 /* Storyboards */ = {
			isa = PBXGroup;
			children = (
				91A9FAF71E0C2E9F0030E082 /* LaunchScreen.storyboard */,
				91A9FAF91E0C2E9F0030E082 /* Main.storyboard */,
			);
			path = Storyboards;
			sourceTree = "<group>";
		};
/* End PBXGroup section */

/* Begin PBXNativeTarget section */
		91A9FACD1E0C2E230030E082 /* AvoidingModal-Example */ = {
			isa = PBXNativeTarget;
			buildConfigurationList = 91A9FAEB1E0C2E230030E082 /* Build configuration list for PBXNativeTarget "AvoidingModal-Example" */;
			buildPhases = (
				91A9FACA1E0C2E230030E082 /* Sources */,
				91A9FACB1E0C2E230030E082 /* Frameworks */,
				91A9FACC1E0C2E230030E082 /* Resources */,
			);
			buildRules = (
			);
			dependencies = (
			);
			name = "AvoidingModal-Example";
			productName = "AvoidingModal-Example";
			productReference = 91A9FACE1E0C2E230030E082 /* AvoidingModal-Example.app */;
			productType = "com.apple.product-type.application";
		};
		91A9FAE11E0C2E230030E082 /* AvoidingModal-ExampleTests */ = {
			isa = PBXNativeTarget;
			buildConfigurationList = 91A9FAEE1E0C2E230030E082 /* Build configuration list for PBXNativeTarget "AvoidingModal-ExampleTests" */;
			buildPhases = (
				91A9FADE1E0C2E230030E082 /* Sources */,
				91A9FADF1E0C2E230030E082 /* Frameworks */,
				91A9FAE01E0C2E230030E082 /* Resources */,
			);
			buildRules = (
			);
			dependencies = (
				91A9FAE41E0C2E230030E082 /* PBXTargetDependency */,
			);
			name = "AvoidingModal-ExampleTests";
			productName = "AvoidingModal-ExampleTests";
			productReference = 91A9FAE21E0C2E230030E082 /* AvoidingModal-ExampleTests.xctest */;
			productType = "com.apple.product-type.bundle.unit-test";
		};
/* End PBXNativeTarget section */

/* Begin PBXProject section */
		91A9FAC61E0C2E230030E082 /* Project object */ = {
			isa = PBXProject;
			attributes = {
				BuildIndependentTargetsInParallel = YES;
				LastSwiftUpdateCheck = 0810;
				LastUpgradeCheck = 2620;
				ORGANIZATIONNAME = Boles;
				TargetAttributes = {
					91A9FACD1E0C2E230030E082 = {
						CreatedOnToolsVersion = 8.1;
						ProvisioningStyle = Automatic;
					};
					91A9FAE11E0C2E230030E082 = {
						CreatedOnToolsVersion = 8.1;
						ProvisioningStyle = Automatic;
						TestTargetID = 91A9FACD1E0C2E230030E082;
					};
				};
			};
			buildConfigurationList = 91A9FAC91E0C2E230030E082 /* Build configuration list for PBXProject "AvoidingModal-Example" */;
			compatibilityVersion = "Xcode 3.2";
			developmentRegion = en;
			hasScannedForEncodings = 0;
			knownRegions = (
				en,
				Base,
			);
			mainGroup = 91A9FAC51E0C2E230030E082;
			productRefGroup = 91A9FACF1E0C2E230030E082 /* Products */;
			projectDirPath = "";
			projectRoot = "";
			targets = (
				91A9FACD1E0C2E230030E082 /* AvoidingModal-Example */,
				91A9FAE11E0C2E230030E082 /* AvoidingModal-ExampleTests */,
			);
		};
/* End PBXProject section */

/* Begin PBXResourcesBuildPhase section */
		91A9FACC1E0C2E230030E082 /* Resources */ = {
			isa = PBXResourcesBuildPhase;
			buildActionMask = 2147483647;
			files = (
				91A9FB001E0C2E9F0030E082 /* LaunchScreen.storyboard in Resources */,
				91A9FAFF1E0C2E9F0030E082 /* Assets.xcassets in Resources */,
				91A9FB011E0C2E9F0030E082 /* Main.storyboard in Resources */,
			);
			runOnlyForDeploymentPostprocessing = 0;
		};
		91A9FAE01E0C2E230030E082 /* Resources */ = {
			isa = PBXResourcesBuildPhase;
			buildActionMask = 2147483647;
			files = (
			);
			runOnlyForDeploymentPostprocessing = 0;
		};
/* End PBXResourcesBuildPhase section */

/* Begin PBXSourcesBuildPhase section */
		91A9FACA1E0C2E230030E082 /* Sources */ = {
			isa = PBXSourcesBuildPhase;
			buildActionMask = 2147483647;
			files = (
				43627D332F64D56D002D75D6 /* NonGateViewController.swift in Sources */,
				43627D2A2F64D456002D75D6 /* GateNavigationController.swift in Sources */,
				43627D352F64D57A002D75D6 /* GateViewController.swift in Sources */,
				91A9FAFD1E0C2E9F0030E082 /* AppDelegate.swift in Sources */,
			);
			runOnlyForDeploymentPostprocessing = 0;
		};
		91A9FADE1E0C2E230030E082 /* Sources */ = {
			isa = PBXSourcesBuildPhase;
			buildActionMask = 2147483647;
			files = (
				43EF7A952F6975130094E1F3 /* StubNavigationDelegate.swift in Sources */,
				43EF7A932F6974F90094E1F3 /* GateNavigationControllerTests.swift in Sources */,
				43EF7A972F6976960094E1F3 /* StubGateRootViewController.swift in Sources */,
			);
			runOnlyForDeploymentPostprocessing = 0;
		};
/* End PBXSourcesBuildPhase section */

/* Begin PBXTargetDependency section */
		91A9FAE41E0C2E230030E082 /* PBXTargetDependency */ = {
			isa = PBXTargetDependency;
			target = 91A9FACD1E0C2E230030E082 /* AvoidingModal-Example */;
			targetProxy = 91A9FAE31E0C2E230030E082 /* PBXContainerItemProxy */;
		};
/* End PBXTargetDependency section */

/* Begin PBXVariantGroup section */
		91A9FAF71E0C2E9F0030E082 /* LaunchScreen.storyboard */ = {
			isa = PBXVariantGroup;
			children = (
				91A9FAF81E0C2E9F0030E082 /* Base */,
			);
			name = LaunchScreen.storyboard;
			sourceTree = "<group>";
		};
		91A9FAF91E0C2E9F0030E082 /* Main.storyboard */ = {
			isa = PBXVariantGroup;
			children = (
				91A9FAFA1E0C2E9F0030E082 /* Base */,
			);
			name = Main.storyboard;
			sourceTree = "<group>";
		};
/* End PBXVariantGroup section */

/* Begin XCBuildConfiguration section */
		91A9FAE91E0C2E230030E082 /* Debug */ = {
			isa = XCBuildConfiguration;
			buildSettings = {
				ALWAYS_SEARCH_USER_PATHS = NO;
				CLANG_ANALYZER_LOCALIZABILITY_NONLOCALIZED = YES;
				CLANG_ANALYZER_NONNULL = YES;
				CLANG_CXX_LANGUAGE_STANDARD = "gnu++0x";
				CLANG_CXX_LIBRARY = "libc++";
				CLANG_ENABLE_MODULES = YES;
				CLANG_ENABLE_OBJC_ARC = YES;
				CLANG_WARN_BLOCK_CAPTURE_AUTORELEASING = YES;
				CLANG_WARN_BOOL_CONVERSION = YES;
				CLANG_WARN_COMMA = YES;
				CLANG_WARN_CONSTANT_CONVERSION = YES;
				CLANG_WARN_DEPRECATED_OBJC_IMPLEMENTATIONS = YES;
				CLANG_WARN_DIRECT_OBJC_ISA_USAGE = YES_ERROR;
				CLANG_WARN_DOCUMENTATION_COMMENTS = YES;
				CLANG_WARN_EMPTY_BODY = YES;
				CLANG_WARN_ENUM_CONVERSION = YES;
				CLANG_WARN_INFINITE_RECURSION = YES;
				CLANG_WARN_INT_CONVERSION = YES;
				CLANG_WARN_NON_LITERAL_NULL_CONVERSION = YES;
				CLANG_WARN_OBJC_IMPLICIT_RETAIN_SELF = YES;
				CLANG_WARN_OBJC_LITERAL_CONVERSION = YES;
				CLANG_WARN_OBJC_ROOT_CLASS = YES_ERROR;
				CLANG_WARN_QUOTED_INCLUDE_IN_FRAMEWORK_HEADER = YES;
				CLANG_WARN_RANGE_LOOP_ANALYSIS = YES;
				CLANG_WARN_STRICT_PROTOTYPES = YES;
				CLANG_WARN_SUSPICIOUS_MOVE = YES;
				CLANG_WARN_SUSPICIOUS_MOVES = YES;
				CLANG_WARN_UNREACHABLE_CODE = YES;
				CLANG_WARN__DUPLICATE_METHOD_MATCH = YES;
				"CODE_SIGN_IDENTITY[sdk=iphoneos*]" = "iPhone Developer";
				COPY_PHASE_STRIP = NO;
				DEBUG_INFORMATION_FORMAT = dwarf;
				ENABLE_STRICT_OBJC_MSGSEND = YES;
				ENABLE_TESTABILITY = YES;
				ENABLE_USER_SCRIPT_SANDBOXING = YES;
				GCC_C_LANGUAGE_STANDARD = gnu99;
				GCC_DYNAMIC_NO_PIC = NO;
				GCC_NO_COMMON_BLOCKS = YES;
				GCC_OPTIMIZATION_LEVEL = 0;
				GCC_PREPROCESSOR_DEFINITIONS = (
					"DEBUG=1",
					"$(inherited)",
				);
				GCC_WARN_64_TO_32_BIT_CONVERSION = YES;
				GCC_WARN_ABOUT_RETURN_TYPE = YES_ERROR;
				GCC_WARN_UNDECLARED_SELECTOR = YES;
				GCC_WARN_UNINITIALIZED_AUTOS = YES_AGGRESSIVE;
				GCC_WARN_UNUSED_FUNCTION = YES;
				GCC_WARN_UNUSED_VARIABLE = YES;
				IPHONEOS_DEPLOYMENT_TARGET = 12.0;
				MTL_ENABLE_DEBUG_INFO = YES;
				ONLY_ACTIVE_ARCH = YES;
				SDKROOT = iphoneos;
				STRING_CATALOG_GENERATE_SYMBOLS = YES;
				SWIFT_ACTIVE_COMPILATION_CONDITIONS = DEBUG;
				SWIFT_OPTIMIZATION_LEVEL = "-Onone";
				SWIFT_VERSION = 4.0;
			};
			name = Debug;
		};
		91A9FAEA1E0C2E230030E082 /* Release */ = {
			isa = XCBuildConfiguration;
			buildSettings = {
				ALWAYS_SEARCH_USER_PATHS = NO;
				CLANG_ANALYZER_LOCALIZABILITY_NONLOCALIZED = YES;
				CLANG_ANALYZER_NONNULL = YES;
				CLANG_CXX_LANGUAGE_STANDARD = "gnu++0x";
				CLANG_CXX_LIBRARY = "libc++";
				CLANG_ENABLE_MODULES = YES;
				CLANG_ENABLE_OBJC_ARC = YES;
				CLANG_WARN_BLOCK_CAPTURE_AUTORELEASING = YES;
				CLANG_WARN_BOOL_CONVERSION = YES;
				CLANG_WARN_COMMA = YES;
				CLANG_WARN_CONSTANT_CONVERSION = YES;
				CLANG_WARN_DEPRECATED_OBJC_IMPLEMENTATIONS = YES;
				CLANG_WARN_DIRECT_OBJC_ISA_USAGE = YES_ERROR;
				CLANG_WARN_DOCUMENTATION_COMMENTS = YES;
				CLANG_WARN_EMPTY_BODY = YES;
				CLANG_WARN_ENUM_CONVERSION = YES;
				CLANG_WARN_INFINITE_RECURSION = YES;
				CLANG_WARN_INT_CONVERSION = YES;
				CLANG_WARN_NON_LITERAL_NULL_CONVERSION = YES;
				CLANG_WARN_OBJC_IMPLICIT_RETAIN_SELF = YES;
				CLANG_WARN_OBJC_LITERAL_CONVERSION = YES;
				CLANG_WARN_OBJC_ROOT_CLASS = YES_ERROR;
				CLANG_WARN_QUOTED_INCLUDE_IN_FRAMEWORK_HEADER = YES;
				CLANG_WARN_RANGE_LOOP_ANALYSIS = YES;
				CLANG_WARN_STRICT_PROTOTYPES = YES;
				CLANG_WARN_SUSPICIOUS_MOVE = YES;
				CLANG_WARN_SUSPICIOUS_MOVES = YES;
				CLANG_WARN_UNREACHABLE_CODE = YES;
				CLANG_WARN__DUPLICATE_METHOD_MATCH = YES;
				"CODE_SIGN_IDENTITY[sdk=iphoneos*]" = "iPhone Developer";
				COPY_PHASE_STRIP = NO;
				DEBUG_INFORMATION_FORMAT = "dwarf-with-dsym";
				ENABLE_NS_ASSERTIONS = NO;
				ENABLE_STRICT_OBJC_MSGSEND = YES;
				ENABLE_USER_SCRIPT_SANDBOXING = YES;
				GCC_C_LANGUAGE_STANDARD = gnu99;
				GCC_NO_COMMON_BLOCKS = YES;
				GCC_WARN_64_TO_32_BIT_CONVERSION = YES;
				GCC_WARN_ABOUT_RETURN_TYPE = YES_ERROR;
				GCC_WARN_UNDECLARED_SELECTOR = YES;
				GCC_WARN_UNINITIALIZED_AUTOS = YES_AGGRESSIVE;
				GCC_WARN_UNUSED_FUNCTION = YES;
				GCC_WARN_UNUSED_VARIABLE = YES;
				IPHONEOS_DEPLOYMENT_TARGET = 12.0;
				MTL_ENABLE_DEBUG_INFO = NO;
				SDKROOT = iphoneos;
				STRING_CATALOG_GENERATE_SYMBOLS = YES;
				SWIFT_COMPILATION_MODE = wholemodule;
				SWIFT_OPTIMIZATION_LEVEL = "-O";
				SWIFT_VERSION = 4.0;
				VALIDATE_PRODUCT = YES;
			};
			name = Release;
		};
		91A9FAEC1E0C2E230030E082 /* Debug */ = {
			isa = XCBuildConfiguration;
			buildSettings = {
				ASSETCATALOG_COMPILER_APPICON_NAME = AppIcon;
				INFOPLIST_FILE = "AvoidingModal-Example/Application/Info.plist";
				IPHONEOS_DEPLOYMENT_TARGET = 15.6;
				LD_RUNPATH_SEARCH_PATHS = (
					"$(inherited)",
					"@executable_path/Frameworks",
				);
				PRODUCT_BUNDLE_IDENTIFIER = "com.boles.AvoidingModal-Example";
				PRODUCT_NAME = "$(TARGET_NAME)";
				SUPPORTED_PLATFORMS = "iphoneos iphonesimulator";
				SUPPORTS_MACCATALYST = NO;
				SUPPORTS_MAC_DESIGNED_FOR_IPHONE_IPAD = NO;
				SUPPORTS_XR_DESIGNED_FOR_IPHONE_IPAD = NO;
				TARGETED_DEVICE_FAMILY = 1;
			};
			name = Debug;
		};
		91A9FAED1E0C2E230030E082 /* Release */ = {
			isa = XCBuildConfiguration;
			buildSettings = {
				ASSETCATALOG_COMPILER_APPICON_NAME = AppIcon;
				INFOPLIST_FILE = "AvoidingModal-Example/Application/Info.plist";
				IPHONEOS_DEPLOYMENT_TARGET = 15.6;
				LD_RUNPATH_SEARCH_PATHS = (
					"$(inherited)",
					"@executable_path/Frameworks",
				);
				PRODUCT_BUNDLE_IDENTIFIER = "com.boles.AvoidingModal-Example";
				PRODUCT_NAME = "$(TARGET_NAME)";
				SUPPORTED_PLATFORMS = "iphoneos iphonesimulator";
				SUPPORTS_MACCATALYST = NO;
				SUPPORTS_MAC_DESIGNED_FOR_IPHONE_IPAD = NO;
				SUPPORTS_XR_DESIGNED_FOR_IPHONE_IPAD = NO;
				TARGETED_DEVICE_FAMILY = 1;
			};
			name = Release;
		};
		91A9FAEF1E0C2E230030E082 /* Debug */ = {
			isa = XCBuildConfiguration;
			buildSettings = {
				BUNDLE_LOADER = "$(TEST_HOST)";
				INFOPLIST_FILE = "AvoidingModal-ExampleTests/Info.plist";
				IPHONEOS_DEPLOYMENT_TARGET = 15.6;
				LD_RUNPATH_SEARCH_PATHS = (
					"$(inherited)",
					"@executable_path/Frameworks",
					"@loader_path/Frameworks",
				);
				PRODUCT_BUNDLE_IDENTIFIER = "com.boles.AvoidingModal-ExampleTests";
				PRODUCT_NAME = "$(TARGET_NAME)";
				SUPPORTED_PLATFORMS = "iphoneos iphonesimulator";
				SUPPORTS_MACCATALYST = NO;
				SUPPORTS_MAC_DESIGNED_FOR_IPHONE_IPAD = NO;
				SUPPORTS_XR_DESIGNED_FOR_IPHONE_IPAD = NO;
				TARGETED_DEVICE_FAMILY = 1;
				TEST_HOST = "$(BUILT_PRODUCTS_DIR)/AvoidingModal-Example.app/AvoidingModal-Example";
			};
			name = Debug;
		};
		91A9FAF01E0C2E230030E082 /* Release */ = {
			isa = XCBuildConfiguration;
			buildSettings = {
				BUNDLE_LOADER = "$(TEST_HOST)";
				INFOPLIST_FILE = "AvoidingModal-ExampleTests/Info.plist";
				IPHONEOS_DEPLOYMENT_TARGET = 15.6;
				LD_RUNPATH_SEARCH_PATHS = (
					"$(inherited)",
					"@executable_path/Frameworks",
					"@loader_path/Frameworks",
				);
				PRODUCT_BUNDLE_IDENTIFIER = "com.boles.AvoidingModal-ExampleTests";
				PRODUCT_NAME = "$(TARGET_NAME)";
				SUPPORTED_PLATFORMS = "iphoneos iphonesimulator";
				SUPPORTS_MACCATALYST = NO;
				SUPPORTS_MAC_DESIGNED_FOR_IPHONE_IPAD = NO;
				SUPPORTS_XR_DESIGNED_FOR_IPHONE_IPAD = NO;
				TARGETED_DEVICE_FAMILY = 1;
				TEST_HOST = "$(BUILT_PRODUCTS_DIR)/AvoidingModal-Example.app/AvoidingModal-Example";
			};
			name = Release;
		};
/* End XCBuildConfiguration section */

/* Begin XCConfigurationList section */
		91A9FAC91E0C2E230030E082 /* Build configuration list for PBXProject "AvoidingModal-Example" */ = {
			isa = XCConfigurationList;
			buildConfigurations = (
				91A9FAE91E0C2E230030E082 /* Debug */,
				91A9FAEA1E0C2E230030E082 /* Release */,
			);
			defaultConfigurationIsVisible = 0;
			defaultConfigurationName = Release;
		};
		91A9FAEB1E0C2E230030E082 /* Build configuration list for PBXNativeTarget "AvoidingModal-Example" */ = {
			isa = XCConfigurationList;
			buildConfigurations = (
				91A9FAEC1E0C2E230030E082 /* Debug */,
				91A9FAED1E0C2E230030E082 /* Release */,
			);
			defaultConfigurationIsVisible = 0;
			defaultConfigurationName = Release;
		};
		91A9FAEE1E0C2E230030E082 /* Build configuration list for PBXNativeTarget "AvoidingModal-ExampleTests" */ = {
			isa = XCConfigurationList;
			buildConfigurations = (
				91A9FAEF1E0C2E230030E082 /* Debug */,
				91A9FAF01E0C2E230030E082 /* Release */,
			);
			defaultConfigurationIsVisible = 0;
			defaultConfigurationName = Release;
		};
/* End XCConfigurationList section */
	};
	rootObject = 91A9FAC61E0C2E230030E082 /* Project object */;
}
